
Microsoft Visual Studio Solution File, Format Version 12.00
# Visual Studio Version 17
VisualStudioVersion = 17.3.32929.385
MinimumVisualStudioVersion = 10.0.40219.1
Project("{FAE04EC0-301F-11D3-BF4B-00C04F79EFBC}") = "Task1", "Task1\Task1.csproj", "{5BE08076-127D-4958-B9A3-EB4AF6015CE1}"
EndProject
Global
	GlobalSection(SolutionConfigurationPlatforms) = preSolution
		Debug|Any CPU = Debug|Any CPU
		Release|Any CPU = Release|Any CPU
	EndGlobalSection
	GlobalSection(ProjectConfigurationPlatforms) = postSolution
		{5BE08076-127D-4958-B9A3-EB4AF6015CE1}.Debug|Any CPU.ActiveCfg = Debug|Any CPU
		{5BE08076-127D-4958-B9A3-EB4AF6015CE1}.Debug|Any CPU.Build.0 = Debug|Any CPU
		{5BE08076-127D-4958-B9A3-EB4AF6015CE1}.Release|Any CPU.ActiveCfg = Release|Any CPU
		{5BE08076-127D-4958-B9A3-EB4AF6015CE1}.Release|Any CPU.Build.0 = Release|Any CPU
	EndGlobalSection
	GlobalSection(SolutionProperties) = preSolution
		HideSolutionNode = FALSE
	EndGlobalSection
	GlobalSection(ExtensibilityGlobals) = postSolution
		SolutionGuid = {035174F3-9476-4D2D-BC35-63DB3AEB7663}
	EndGlobalSection
EndGlobal
